{
  "version": 4,
  "terraform_version": "1.1.7",
  "serial": 8,
  "lineage": "f2b005de-2d25-ec45-e2ad-88a5aaa59820",
  "outputs": {
    "container_name": {
      "value": "ct-pro-mgmt",
      "type": "string"
    },
    "resource_group_name": {
      "value": "rg-tfstates_francesc",
      "type": "string"
    },
    "storage_account_name": {
      "value": "stastprostate22468y220z",
      "type": "string"
    },
    "subscription_id": {
      "value": "28afc7e4-a6d8-453c-9ac4-dd23d1a0fccf",
      "type": "string"
    }
  },
  "resources": [
    {
      "mode": "data",
      "type": "azurerm_subscription",
      "name": "current",
      "provider": "provider[\"registry.terraform.io/hashicorp/azurerm\"]",
      "instances": [
        {
          "schema_version": 0,
          "attributes": {
            "display_name": "MCIS EU POD3",
            "id": "/subscriptions/28afc7e4-a6d8-453c-9ac4-dd23d1a0fccf",
            "location_placement_id": "Public_2014-09-01",
            "quota_id": "CSP_2015-05-01",
            "spending_limit": "Off",
            "state": "Enabled",
            "subscription_id": "28afc7e4-a6d8-453c-9ac4-dd23d1a0fccf",
            "tags": {},
            "tenant_id": "ae51d135-0edd-4bcf-b2c3-023aca268404",
            "timeouts": null
          },
          "sensitive_attributes": []
        }
      ]
    },
    {
      "mode": "managed",
      "type": "azurerm_resource_group",
      "name": "states",
      "provider": "provider[\"registry.terraform.io/hashicorp/azurerm\"]",
      "instances": [
        {
          "schema_version": 0,
          "attributes": {
            "id": "/subscriptions/28afc7e4-a6d8-453c-9ac4-dd23d1a0fccf/resourceGroups/rg-tfstates_francesc",
            "location": "westeurope",
            "name": "rg-tfstates_francesc",
            "tags": {
              "ntt_environment": "pro",
              "ntt_monitoring": "1",
              "ntt_owner": "Product Engineering",
              "ntt_platform": "mgmt",
              "ntt_service_group": "state",
              "ntt_service_level": "EU_10x5"
            },
            "timeouts": null
          },
          "sensitive_attributes": [],
          "private": "eyJlMmJmYjczMC1lY2FhLTExZTYtOGY4OC0zNDM2M2JjN2M0YzAiOnsiY3JlYXRlIjo1NDAwMDAwMDAwMDAwLCJkZWxldGUiOjU0MDAwMDAwMDAwMDAsInJlYWQiOjMwMDAwMDAwMDAwMCwidXBkYXRlIjo1NDAwMDAwMDAwMDAwfX0="
        }
      ]
    },
    {
      "mode": "managed",
      "type": "random_id",
      "name": "ststate",
      "provider": "provider[\"registry.terraform.io/hashicorp/random\"]",
      "instances": [
        {
          "schema_version": 0,
          "attributes": {
            "b64_std": "IkY=",
            "b64_url": "IkY",
            "byte_length": 2,
            "dec": "8774",
            "hex": "2246",
            "id": "IkY",
            "keepers": {
              "rg_name": "rg-tfstates_francesc"
            },
            "prefix": null
          },
          "sensitive_attributes": [],
          "private": "bnVsbA=="
        }
      ]
    },
    {
      "module": "module.storage_account",
      "mode": "data",
      "type": "azurerm_resource_group",
      "name": "rgrp",
      "provider": "provider[\"registry.terraform.io/hashicorp/azurerm\"]",
      "instances": [
        {
          "index_key": 0,
          "schema_version": 0,
          "attributes": {
            "id": "/subscriptions/28afc7e4-a6d8-453c-9ac4-dd23d1a0fccf/resourceGroups/rg-tfstates_francesc",
            "location": "westeurope",
            "name": "rg-tfstates_francesc",
            "tags": {
              "ntt_environment": "pro",
              "ntt_monitoring": "1",
              "ntt_owner": "Product Engineering",
              "ntt_platform": "mgmt",
              "ntt_service_group": "state",
              "ntt_service_level": "EU_10x5"
            },
            "timeouts": null
          },
          "sensitive_attributes": []
        }
      ]
    },
    {
      "module": "module.storage_account",
      "mode": "managed",
      "type": "azurerm_advanced_threat_protection",
      "name": "atp",
      "provider": "provider[\"registry.terraform.io/hashicorp/azurerm\"]",
      "instances": [
        {
          "schema_version": 1,
          "attributes": {
            "enabled": true,
            "id": "/subscriptions/28afc7e4-a6d8-453c-9ac4-dd23d1a0fccf/resourceGroups/rg-tfstates_francesc/providers/Microsoft.Storage/storageAccounts/stastprostate22468y220z/providers/Microsoft.Security/advancedThreatProtectionSettings/current",
            "target_resource_id": "/subscriptions/28afc7e4-a6d8-453c-9ac4-dd23d1a0fccf/resourceGroups/rg-tfstates_francesc/providers/Microsoft.Storage/storageAccounts/stastprostate22468y220z",
            "timeouts": null
          },
          "sensitive_attributes": [],
          "private": "eyJlMmJmYjczMC1lY2FhLTExZTYtOGY4OC0zNDM2M2JjN2M0YzAiOnsiY3JlYXRlIjoxODAwMDAwMDAwMDAwLCJkZWxldGUiOjE4MDAwMDAwMDAwMDAsInJlYWQiOjMwMDAwMDAwMDAwMCwidXBkYXRlIjoxODAwMDAwMDAwMDAwfSwic2NoZW1hX3ZlcnNpb24iOiIxIn0=",
          "dependencies": [
            "azurerm_resource_group.states",
            "module.storage_account.azurerm_resource_group.rg",
            "module.storage_account.azurerm_storage_account.storeacc",
            "module.storage_account.data.azurerm_resource_group.rgrp",
            "module.storage_account.random_string.unique",
            "random_id.ststate"
          ]
        }
      ]
    },
    {
      "module": "module.storage_account",
      "mode": "managed",
      "type": "azurerm_storage_account",
      "name": "storeacc",
      "provider": "provider[\"registry.terraform.io/hashicorp/azurerm\"]",
      "instances": [
        {
          "schema_version": 2,
          "attributes": {
            "access_tier": "Hot",
            "account_kind": "StorageV2",
            "account_replication_type": "GRS",
            "account_tier": "Standard",
            "allow_blob_public_access": true,
            "azure_files_authentication": [],
            "blob_properties": [
              {
                "change_feed_enabled": false,
                "container_delete_retention_policy": [
                  {
                    "days": 7
                  }
                ],
                "cors_rule": [],
                "default_service_version": "",
                "delete_retention_policy": [
                  {
                    "days": 7
                  }
                ],
                "last_access_time_enabled": false,
                "versioning_enabled": true
              }
            ],
            "custom_domain": [],
            "customer_managed_key": [],
            "enable_https_traffic_only": true,
            "id": "/subscriptions/28afc7e4-a6d8-453c-9ac4-dd23d1a0fccf/resourceGroups/rg-tfstates_francesc/providers/Microsoft.Storage/storageAccounts/stastprostate22468y220z",
            "identity": [
              {
                "identity_ids": null,
                "principal_id": "474cd809-2491-438e-b010-8fc016f5ddd7",
                "tenant_id": "ae51d135-0edd-4bcf-b2c3-023aca268404",
                "type": "SystemAssigned"
              }
            ],
            "infrastructure_encryption_enabled": false,
            "is_hns_enabled": false,
            "large_file_share_enabled": null,
            "location": "westeurope",
            "min_tls_version": "TLS1_2",
            "name": "stastprostate22468y220z",
            "network_rules": [
              {
                "bypass": [
                  "AzureServices"
                ],
                "default_action": "Allow",
                "ip_rules": [],
                "private_link_access": [],
                "virtual_network_subnet_ids": []
              }
            ],
            "nfsv3_enabled": false,
            "primary_access_key": "vowEEt7p90Xq/VbbMDKabtsKE90MA0Y7j+XKtNP8Fyxu2yHmREktnXO36kIalpw0bYT2E/YkY2i2OLy53cNiTw==",
            "primary_blob_connection_string": "DefaultEndpointsProtocol=https;BlobEndpoint=https://stastprostate22468y220z.blob.core.windows.net/;AccountName=stastprostate22468y220z;AccountKey=vowEEt7p90Xq/VbbMDKabtsKE90MA0Y7j+XKtNP8Fyxu2yHmREktnXO36kIalpw0bYT2E/YkY2i2OLy53cNiTw==",
            "primary_blob_endpoint": "https://stastprostate22468y220z.blob.core.windows.net/",
            "primary_blob_host": "stastprostate22468y220z.blob.core.windows.net",
            "primary_connection_string": "DefaultEndpointsProtocol=https;AccountName=stastprostate22468y220z;AccountKey=vowEEt7p90Xq/VbbMDKabtsKE90MA0Y7j+XKtNP8Fyxu2yHmREktnXO36kIalpw0bYT2E/YkY2i2OLy53cNiTw==;EndpointSuffix=core.windows.net",
            "primary_dfs_endpoint": "https://stastprostate22468y220z.dfs.core.windows.net/",
            "primary_dfs_host": "stastprostate22468y220z.dfs.core.windows.net",
            "primary_file_endpoint": "https://stastprostate22468y220z.file.core.windows.net/",
            "primary_file_host": "stastprostate22468y220z.file.core.windows.net",
            "primary_location": "westeurope",
            "primary_queue_endpoint": "https://stastprostate22468y220z.queue.core.windows.net/",
            "primary_queue_host": "stastprostate22468y220z.queue.core.windows.net",
            "primary_table_endpoint": "https://stastprostate22468y220z.table.core.windows.net/",
            "primary_table_host": "stastprostate22468y220z.table.core.windows.net",
            "primary_web_endpoint": "https://stastprostate22468y220z.z6.web.core.windows.net/",
            "primary_web_host": "stastprostate22468y220z.z6.web.core.windows.net",
            "queue_encryption_key_type": "Service",
            "queue_properties": [
              {
                "cors_rule": [],
                "hour_metrics": [
                  {
                    "enabled": true,
                    "include_apis": true,
                    "retention_policy_days": 7,
                    "version": "1.0"
                  }
                ],
                "logging": [
                  {
                    "delete": false,
                    "read": false,
                    "retention_policy_days": 0,
                    "version": "1.0",
                    "write": false
                  }
                ],
                "minute_metrics": [
                  {
                    "enabled": false,
                    "include_apis": false,
                    "retention_policy_days": 0,
                    "version": "1.0"
                  }
                ]
              }
            ],
            "resource_group_name": "rg-tfstates_francesc",
            "routing": [],
            "secondary_access_key": "CG5thsBATGYLkq5ttigkZVeaZpxyB24USmGh3MSkQ9xW9GqdEbGF0xO+fheWRyMraAfdmoK6R+qNxH08hxwYAQ==",
            "secondary_blob_connection_string": "",
            "secondary_blob_endpoint": null,
            "secondary_blob_host": null,
            "secondary_connection_string": "DefaultEndpointsProtocol=https;AccountName=stastprostate22468y220z;AccountKey=CG5thsBATGYLkq5ttigkZVeaZpxyB24USmGh3MSkQ9xW9GqdEbGF0xO+fheWRyMraAfdmoK6R+qNxH08hxwYAQ==;EndpointSuffix=core.windows.net",
            "secondary_dfs_endpoint": null,
            "secondary_dfs_host": null,
            "secondary_file_endpoint": null,
            "secondary_file_host": null,
            "secondary_location": "northeurope",
            "secondary_queue_endpoint": null,
            "secondary_queue_host": null,
            "secondary_table_endpoint": null,
            "secondary_table_host": null,
            "secondary_web_endpoint": null,
            "secondary_web_host": null,
            "share_properties": [
              {
                "cors_rule": [],
                "retention_policy": [
                  {
                    "days": 7
                  }
                ],
                "smb": []
              }
            ],
            "shared_access_key_enabled": true,
            "static_website": [],
            "table_encryption_key_type": "Service",
            "tags": {
              "ResourceName": "stastprostate22468y220z",
              "ntt_environment": "pro",
              "ntt_monitoring": "1",
              "ntt_owner": "Product Engineering",
              "ntt_platform": "mgmt",
              "ntt_service_group": "state",
              "ntt_service_level": "EU_10x5"
            },
            "timeouts": null
          },
          "sensitive_attributes": [],
          "private": "eyJlMmJmYjczMC1lY2FhLTExZTYtOGY4OC0zNDM2M2JjN2M0YzAiOnsiY3JlYXRlIjozNjAwMDAwMDAwMDAwLCJkZWxldGUiOjM2MDAwMDAwMDAwMDAsInJlYWQiOjMwMDAwMDAwMDAwMCwidXBkYXRlIjozNjAwMDAwMDAwMDAwfSwic2NoZW1hX3ZlcnNpb24iOiIyIn0=",
          "dependencies": [
            "azurerm_resource_group.states",
            "module.storage_account.azurerm_resource_group.rg",
            "module.storage_account.data.azurerm_resource_group.rgrp",
            "module.storage_account.random_string.unique",
            "random_id.ststate"
          ]
        }
      ]
    },
    {
      "module": "module.storage_account",
      "mode": "managed",
      "type": "azurerm_storage_container",
      "name": "container",
      "provider": "provider[\"registry.terraform.io/hashicorp/azurerm\"]",
      "instances": [
        {
          "index_key": 0,
          "schema_version": 1,
          "attributes": {
            "container_access_type": "private",
            "has_immutability_policy": false,
            "has_legal_hold": false,
            "id": "https://stastprostate22468y220z.blob.core.windows.net/ct-pro-mgmt",
            "metadata": {},
            "name": "ct-pro-mgmt",
            "resource_manager_id": "/subscriptions/28afc7e4-a6d8-453c-9ac4-dd23d1a0fccf/resourceGroups/rg-tfstates_francesc/providers/Microsoft.Storage/storageAccounts/stastprostate22468y220z/blobServices/default/containers/ct-pro-mgmt",
            "storage_account_name": "stastprostate22468y220z",
            "timeouts": null
          },
          "sensitive_attributes": [],
          "private": "eyJlMmJmYjczMC1lY2FhLTExZTYtOGY4OC0zNDM2M2JjN2M0YzAiOnsiY3JlYXRlIjoxODAwMDAwMDAwMDAwLCJkZWxldGUiOjE4MDAwMDAwMDAwMDAsInJlYWQiOjMwMDAwMDAwMDAwMCwidXBkYXRlIjoxODAwMDAwMDAwMDAwfSwic2NoZW1hX3ZlcnNpb24iOiIxIn0=",
          "dependencies": [
            "azurerm_resource_group.states",
            "module.storage_account.azurerm_resource_group.rg",
            "module.storage_account.azurerm_storage_account.storeacc",
            "module.storage_account.data.azurerm_resource_group.rgrp",
            "module.storage_account.random_string.unique",
            "random_id.ststate"
          ]
        }
      ]
    },
    {
      "module": "module.storage_account",
      "mode": "managed",
      "type": "random_string",
      "name": "unique",
      "provider": "provider[\"registry.terraform.io/hashicorp/random\"]",
      "instances": [
        {
          "schema_version": 1,
          "attributes": {
            "id": "8y220z",
            "keepers": null,
            "length": 6,
            "lower": true,
            "min_lower": 0,
            "min_numeric": 0,
            "min_special": 0,
            "min_upper": 0,
            "number": true,
            "override_special": null,
            "result": "8y220z",
            "special": false,
            "upper": false
          },
          "sensitive_attributes": [],
          "private": "eyJzY2hlbWFfdmVyc2lvbiI6IjEifQ==",
          "dependencies": [
            "azurerm_resource_group.states"
          ]
        }
      ]
    }
  ]
}
